
Microsoft Visual Studio Solution File, Format Version 12.00
# Visual Studio Version 17
VisualStudioVersion = 17.0.31903.59
MinimumVisualStudioVersion = 10.0.40219.1
Project("{9A19103F-16F7-4668-BE54-9A1E7A4F7556}") = "Acmepay.Api", "Acmepay.Api\Acmepay.Api.csproj", "{C3E5922A-DDB4-441C-A4B3-F18AB21A10C1}"
EndProject
Project("{9A19103F-16F7-4668-BE54-9A1E7A4F7556}") = "Acmepay.Application", "Acmepay.Application\Acmepay.Application.csproj", "{60C60729-4430-41E9-B62B-41B8E58D6C31}"
EndProject
Project("{9A19103F-16F7-4668-BE54-9A1E7A4F7556}") = "Acmepay.Contracts", "Acmepay.Contracts\Acmepay.Contracts.csproj", "{5143124F-13C0-449C-A2BD-08FCC19F8645}"
EndProject
Project("{9A19103F-16F7-4668-BE54-9A1E7A4F7556}") = "Acmepay.Domain", "Acmepay.Domain\Acmepay.Domain.csproj", "{FBFE8D68-218D-4F6A-A8F2-BD08C13C3E27}"
EndProject
Project("{9A19103F-16F7-4668-BE54-9A1E7A4F7556}") = "Acmepay.Infrastructure", "Acmepay.Infrastructure\Acmepay.Infrastructure.csproj", "{EDBE1597-7035-4BCE-8ACD-96F7DB94A911}"
EndProject
Project("{FAE04EC0-301F-11D3-BF4B-00C04F79EFBC}") = "Acmepay.Tests", "Acmepay.Tests\Acmepay.Tests.csproj", "{1AE826C8-B788-4E9B-A3D8-A095C40865CE}"
EndProject
Global
	GlobalSection(SolutionConfigurationPlatforms) = preSolution
		Debug|Any CPU = Debug|Any CPU
		Release|Any CPU = Release|Any CPU
	EndGlobalSection
	GlobalSection(ProjectConfigurationPlatforms) = postSolution
		{C3E5922A-DDB4-441C-A4B3-F18AB21A10C1}.Debug|Any CPU.ActiveCfg = Debug|Any CPU
		{C3E5922A-DDB4-441C-A4B3-F18AB21A10C1}.Debug|Any CPU.Build.0 = Debug|Any CPU
		{C3E5922A-DDB4-441C-A4B3-F18AB21A10C1}.Release|Any CPU.ActiveCfg = Release|Any CPU
		{C3E5922A-DDB4-441C-A4B3-F18AB21A10C1}.Release|Any CPU.Build.0 = Release|Any CPU
		{60C60729-4430-41E9-B62B-41B8E58D6C31}.Debug|Any CPU.ActiveCfg = Debug|Any CPU
		{60C60729-4430-41E9-B62B-41B8E58D6C31}.Debug|Any CPU.Build.0 = Debug|Any CPU
		{60C60729-4430-41E9-B62B-41B8E58D6C31}.Release|Any CPU.ActiveCfg = Release|Any CPU
		{60C60729-4430-41E9-B62B-41B8E58D6C31}.Release|Any CPU.Build.0 = Release|Any CPU
		{5143124F-13C0-449C-A2BD-08FCC19F8645}.Debug|Any CPU.ActiveCfg = Debug|Any CPU
		{5143124F-13C0-449C-A2BD-08FCC19F8645}.Debug|Any CPU.Build.0 = Debug|Any CPU
		{5143124F-13C0-449C-A2BD-08FCC19F8645}.Release|Any CPU.ActiveCfg = Release|Any CPU
		{5143124F-13C0-449C-A2BD-08FCC19F8645}.Release|Any CPU.Build.0 = Release|Any CPU
		{FBFE8D68-218D-4F6A-A8F2-BD08C13C3E27}.Debug|Any CPU.ActiveCfg = Debug|Any CPU
		{FBFE8D68-218D-4F6A-A8F2-BD08C13C3E27}.Debug|Any CPU.Build.0 = Debug|Any CPU
		{FBFE8D68-218D-4F6A-A8F2-BD08C13C3E27}.Release|Any CPU.ActiveCfg = Release|Any CPU
		{FBFE8D68-218D-4F6A-A8F2-BD08C13C3E27}.Release|Any CPU.Build.0 = Release|Any CPU
		{EDBE1597-7035-4BCE-8ACD-96F7DB94A911}.Debug|Any CPU.ActiveCfg = Debug|Any CPU
		{EDBE1597-7035-4BCE-8ACD-96F7DB94A911}.Debug|Any CPU.Build.0 = Debug|Any CPU
		{EDBE1597-7035-4BCE-8ACD-96F7DB94A911}.Release|Any CPU.ActiveCfg = Release|Any CPU
		{EDBE1597-7035-4BCE-8ACD-96F7DB94A911}.Release|Any CPU.Build.0 = Release|Any CPU
		{1AE826C8-B788-4E9B-A3D8-A095C40865CE}.Debug|Any CPU.ActiveCfg = Debug|Any CPU
		{1AE826C8-B788-4E9B-A3D8-A095C40865CE}.Debug|Any CPU.Build.0 = Debug|Any CPU
		{1AE826C8-B788-4E9B-A3D8-A095C40865CE}.Release|Any CPU.ActiveCfg = Release|Any CPU
		{1AE826C8-B788-4E9B-A3D8-A095C40865CE}.Release|Any CPU.Build.0 = Release|Any CPU
	EndGlobalSection
	GlobalSection(SolutionProperties) = preSolution
		HideSolutionNode = FALSE
	EndGlobalSection
	GlobalSection(ExtensibilityGlobals) = postSolution
		SolutionGuid = {3FC16779-D3C4-48D8-8E46-96E48EF94028}
	EndGlobalSection
EndGlobal
